// !$*UTF8*$!
{
	archiveVersion = 1;
	classes = {
	};
	objectVersion = 50;
	objects = {

/* Begin PBXBuildFile section */
		F3E3547C251246FF00FFBCA7 /* AppDelegate.swift in Sources */ = {isa = PBXBuildFile; fileRef = F3E3547B251246FF00FFBCA7 /* AppDelegate.swift */; };
		F3E3547E251246FF00FFBCA7 /* SceneDelegate.swift in Sources */ = {isa = PBXBuildFile; fileRef = F3E3547D251246FF00FFBCA7 /* SceneDelegate.swift */; };
		F3E35480251246FF00FFBCA7 /* ViewController.swift in Sources */ = {isa = PBXBuildFile; fileRef = F3E3547F251246FF00FFBCA7 /* ViewController.swift */; };
		F3E35483251246FF00FFBCA7 /* Main.storyboard in Resources */ = {isa = PBXBuildFile; fileRef = F3E35481251246FF00FFBCA7 /* Main.storyboard */; };
		F3E354852512470200FFBCA7 /* Assets.xcassets in Resources */ = {isa = PBXBuildFile; fileRef = F3E354842512470200FFBCA7 /* Assets.xcassets */; };
		F3E354882512470200FFBCA7 /* LaunchScreen.storyboard in Resources */ = {isa = PBXBuildFile; fileRef = F3E354862512470200FFBCA7 /* LaunchScreen.storyboard */; };
		F3E354932512470200FFBCA7 /* ShootFromTheHipTests.swift in Sources */ = {isa = PBXBuildFile; fileRef = F3E354922512470200FFBCA7 /* ShootFromTheHipTests.swift */; };
		F3E3549E2512470300FFBCA7 /* ShootFromTheHipUITests.swift in Sources */ = {isa = PBXBuildFile; fileRef = F3E3549D2512470300FFBCA7 /* ShootFromTheHipUITests.swift */; };
/* End PBXBuildFile section */

/* Begin PBXContainerItemProxy section */
		F3E3548F2512470200FFBCA7 /* PBXContainerItemProxy */ = {
			isa = PBXContainerItemProxy;
			containerPortal = F3E35470251246FF00FFBCA7 /* Project object */;
			proxyType = 1;
			remoteGlobalIDString = F3E35477251246FF00FFBCA7;
			remoteInfo = ShootFromTheHip;
		};
		F3E3549A2512470300FFBCA7 /* PBXContainerItemProxy */ = {
			isa = PBXContainerItemProxy;
			containerPortal = F3E35470251246FF00FFBCA7 /* Project object */;
			proxyType = 1;
			remoteGlobalIDString = F3E35477251246FF00FFBCA7;
			remoteInfo = ShootFromTheHip;
		};
/* End PBXContainerItemProxy section */

/* Begin PBXFileReference section */
		F3E35478251246FF00FFBCA7 /* ShootFromTheHip.app */ = {isa = PBXFileReference; explicitFileType = wrapper.application; includeInIndex = 0; path = ShootFromTheHip.app; sourceTree = BUILT_PRODUCTS_DIR; };
		F3E3547B251246FF00FFBCA7 /* AppDelegate.swift */ = {isa = PBXFileReference; lastKnownFileType = sourcecode.swift; path = AppDelegate.swift; sourceTree = "<group>"; };
		F3E3547D251246FF00FFBCA7 /* SceneDelegate.swift */ = {isa = PBXFileReference; lastKnownFileType = sourcecode.swift; path = SceneDelegate.swift; sourceTree = "<group>"; };
		F3E3547F251246FF00FFBCA7 /* ViewController.swift */ = {isa = PBXFileReference; lastKnownFileType = sourcecode.swift; path = ViewController.swift; sourceTree = "<group>"; };
		F3E35482251246FF00FFBCA7 /* Base */ = {isa = PBXFileReference; lastKnownFileType = file.storyboard; name = Base; path = Base.lproj/Main.storyboard; sourceTree = "<group>"; };
		F3E354842512470200FFBCA7 /* Assets.xcassets */ = {isa = PBXFileReference; lastKnownFileType = folder.assetcatalog; path = Assets.xcassets; sourceTree = "<group>"; };
		F3E354872512470200FFBCA7 /* Base */ = {isa = PBXFileReference; lastKnownFileType = file.storyboard; name = Base; path = Base.lproj/LaunchScreen.storyboard; sourceTree = "<group>"; };
		F3E354892512470200FFBCA7 /* Info.plist */ = {isa = PBXFileReference; lastKnownFileType = text.plist.xml; path = Info.plist; sourceTree = "<group>"; };
		F3E3548E2512470200FFBCA7 /* ShootFromTheHipTests.xctest */ = {isa = PBXFileReference; explicitFileType = wrapper.cfbundle; includeInIndex = 0; path = ShootFromTheHipTests.xctest; sourceTree = BUILT_PRODUCTS_DIR; };
		F3E354922512470200FFBCA7 /* ShootFromTheHipTests.swift */ = {isa = PBXFileReference; lastKnownFileType = sourcecode.swift; path = ShootFromTheHipTests.swift; sourceTree = "<group>"; };
		F3E354942512470200FFBCA7 /* Info.plist */ = {isa = PBXFileReference; lastKnownFileType = text.plist.xml; path = Info.plist; sourceTree = "<group>"; };
		F3E354992512470300FFBCA7 /* ShootFromTheHipUITests.xctest */ = {isa = PBXFileReference; explicitFileType = wrapper.cfbundle; includeInIndex = 0; path = ShootFromTheHipUITests.xctest; sourceTree = BUILT_PRODUCTS_DIR; };
		F3E3549D2512470300FFBCA7 /* ShootFromTheHipUITests.swift */ = {isa = PBXFileReference; lastKnownFileType = sourcecode.swift; path = ShootFromTheHipUITests.swift; sourceTree = "<group>"; };
		F3E3549F2512470300FFBCA7 /* Info.plist */ = {isa = PBXFileReference; lastKnownFileType = text.plist.xml; path = Info.plist; sourceTree = "<group>"; };
/* End PBXFileReference section */

/* Begin PBXFrameworksBuildPhase section */
		F3E35475251246FF00FFBCA7 /* Frameworks */ = {
			isa = PBXFrameworksBuildPhase;
			buildActionMask = 2147483647;
			files = (
			);
			runOnlyForDeploymentPostprocessing = 0;
		};
		F3E3548B2512470200FFBCA7 /* Frameworks */ = {
			isa = PBXFrameworksBuildPhase;
			buildActionMask = 2147483647;
			files = (
			);
			runOnlyForDeploymentPostprocessing = 0;
		};
		F3E354962512470300FFBCA7 /* Frameworks */ = {
			isa = PBXFrameworksBuildPhase;
			buildActionMask = 2147483647;
			files = (
			);
			runOnlyForDeploymentPostprocessing = 0;
		};
/* End PBXFrameworksBuildPhase section */

/* Begin PBXGroup section */
		F3E3546F251246FF00FFBCA7 = {
			isa = PBXGroup;
			children = (
				F3E3547A251246FF00FFBCA7 /* ShootFromTheHip */,
				F3E354912512470200FFBCA7 /* ShootFromTheHipTests */,
				F3E3549C2512470300FFBCA7 /* ShootFromTheHipUITests */,
				F3E35479251246FF00FFBCA7 /* Products */,
			);
			sourceTree = "<group>";
		};
		F3E35479251246FF00FFBCA7 /* Products */ = {
			isa = PBXGroup;
			children = (
				F3E35478251246FF00FFBCA7 /* ShootFromTheHip.app */,
				F3E3548E2512470200FFBCA7 /* ShootFromTheHipTests.xctest */,
				F3E354992512470300FFBCA7 /* ShootFromTheHipUITests.xctest */,
			);
			name = Products;
			sourceTree = "<group>";
		};
		F3E3547A251246FF00FFBCA7 /* ShootFromTheHip */ = {
			isa = PBXGroup;
			children = (
				F3E3547B251246FF00FFBCA7 /* AppDelegate.swift */,
				F3E3547D251246FF00FFBCA7 /* SceneDelegate.swift */,
				F3E3547F251246FF00FFBCA7 /* ViewController.swift */,
				F3E35481251246FF00FFBCA7 /* Main.storyboard */,
				F3E354842512470200FFBCA7 /* Assets.xcassets */,
				F3E354862512470200FFBCA7 /* LaunchScreen.storyboard */,
				F3E354892512470200FFBCA7 /* Info.plist */,
			);
			path = ShootFromTheHip;
			sourceTree = "<group>";
		};
		F3E354912512470200FFBCA7 /* ShootFromTheHipTests */ = {
			isa = PBXGroup;
			children = (
				F3E354922512470200FFBCA7 /* ShootFromTheHipTests.swift */,
				F3E354942512470200FFBCA7 /* Info.plist */,
			);
			path = ShootFromTheHipTests;
			sourceTree = "<group>";
		};
		F3E3549C2512470300FFBCA7 /* ShootFromTheHipUITests */ = {
			isa = PBXGroup;
			children = (
				F3E3549D2512470300FFBCA7 /* ShootFromTheHipUITests.swift */,
				F3E3549F2512470300FFBCA7 /* Info.plist */,
			);
			path = ShootFromTheHipUITests;
			sourceTree = "<group>";
		};
/* End PBXGroup section */

/* Begin PBXNativeTarget section */
		F3E35477251246FF00FFBCA7 /* ShootFromTheHip */ = {
			isa = PBXNativeTarget;
			buildConfigurationList = F3E354A22512470300FFBCA7 /* Build configuration list for PBXNativeTarget "ShootFromTheHip" */;
			buildPhases = (
				F3E35474251246FF00FFBCA7 /* Sources */,
				F3E35475251246FF00FFBCA7 /* Frameworks */,
				F3E35476251246FF00FFBCA7 /* Resources */,
			);
			buildRules = (
			);
			dependencies = (
			);
			name = ShootFromTheHip;
			productName = ShootFromTheHip;
			productReference = F3E35478251246FF00FFBCA7 /* ShootFromTheHip.app */;
			productType = "com.apple.product-type.application";
		};
		F3E3548D2512470200FFBCA7 /* ShootFromTheHipTests */ = {
			isa = PBXNativeTarget;
			buildConfigurationList = F3E354A52512470300FFBCA7 /* Build configuration list for PBXNativeTarget "ShootFromTheHipTests" */;
			buildPhases = (
				F3E3548A2512470200FFBCA7 /* Sources */,
				F3E3548B2512470200FFBCA7 /* Frameworks */,
				F3E3548C2512470200FFBCA7 /* Resources */,
			);
			buildRules = (
			);
			dependencies = (
				F3E354902512470200FFBCA7 /* PBXTargetDependency */,
			);
			name = ShootFromTheHipTests;
			productName = ShootFromTheHipTests;
			productReference = F3E3548E2512470200FFBCA7 /* ShootFromTheHipTests.xctest */;
			productType = "com.apple.product-type.bundle.unit-test";
		};
		F3E354982512470300FFBCA7 /* ShootFromTheHipUITests */ = {
			isa = PBXNativeTarget;
			buildConfigurationList = F3E354A82512470300FFBCA7 /* Build configuration list for PBXNativeTarget "ShootFromTheHipUITests" */;
			buildPhases = (
				F3E354952512470300FFBCA7 /* Sources */,
				F3E354962512470300FFBCA7 /* Frameworks */,
				F3E354972512470300FFBCA7 /* Resources */,
			);
			buildRules = (
			);
			dependencies = (
				F3E3549B2512470300FFBCA7 /* PBXTargetDependency */,
			);
			name = ShootFromTheHipUITests;
			productName = ShootFromTheHipUITests;
			productReference = F3E354992512470300FFBCA7 /* ShootFromTheHipUITests.xctest */;
			productType = "com.apple.product-type.bundle.ui-testing";
		};
/* End PBXNativeTarget section */

/* Begin PBXProject section */
		F3E35470251246FF00FFBCA7 /* Project object */ = {
			isa = PBXProject;
			attributes = {
				LastSwiftUpdateCheck = 1150;
				LastUpgradeCheck = 1150;
				ORGANIZATIONNAME = "Danielle Padilla";
				TargetAttributes = {
					F3E35477251246FF00FFBCA7 = {
						CreatedOnToolsVersion = 11.5;
					};
					F3E3548D2512470200FFBCA7 = {
						CreatedOnToolsVersion = 11.5;
						TestTargetID = F3E35477251246FF00FFBCA7;
					};
					F3E354982512470300FFBCA7 = {
						CreatedOnToolsVersion = 11.5;
						TestTargetID = F3E35477251246FF00FFBCA7;
					};
				};
			};
			buildConfigurationList = F3E35473251246FF00FFBCA7 /* Build configuration list for PBXProject "ShootFromTheHip" */;
			compatibilityVersion = "Xcode 9.3";
			developmentRegion = en;
			hasScannedForEncodings = 0;
			knownRegions = (
				en,
				Base,
			);
			mainGroup = F3E3546F251246FF00FFBCA7;
			productRefGroup = F3E35479251246FF00FFBCA7 /* Products */;
			projectDirPath = "";
			projectRoot = "";
			targets = (
				F3E35477251246FF00FFBCA7 /* ShootFromTheHip */,
				F3E3548D2512470200FFBCA7 /* ShootFromTheHipTests */,
				F3E354982512470300FFBCA7 /* ShootFromTheHipUITests */,
			);
		};
/* End PBXProject section */

/* Begin PBXResourcesBuildPhase section */
		F3E35476251246FF00FFBCA7 /* Resources */ = {
			isa = PBXResourcesBuildPhase;
			buildActionMask = 2147483647;
			files = (
				F3E354882512470200FFBCA7 /* LaunchScreen.storyboard in Resources */,
				F3E354852512470200FFBCA7 /* Assets.xcassets in Resources */,
				F3E35483251246FF00FFBCA7 /* Main.storyboard in Resources */,
			);
			runOnlyForDeploymentPostprocessing = 0;
		};
		F3E3548C2512470200FFBCA7 /* Resources */ = {
			isa = PBXResourcesBuildPhase;
			buildActionMask = 2147483647;
			files = (
			);
			runOnlyForDeploymentPostprocessing = 0;
		};
		F3E354972512470300FFBCA7 /* Resources */ = {
			isa = PBXResourcesBuildPhase;
			buildActionMask = 2147483647;
			files = (
			);
			runOnlyForDeploymentPostprocessing = 0;
		};
/* End PBXResourcesBuildPhase section */

/* Begin PBXSourcesBuildPhase section */
		F3E35474251246FF00FFBCA7 /* Sources */ = {
			isa = PBXSourcesBuildPhase;
			buildActionMask = 2147483647;
			files = (
				F3E35480251246FF00FFBCA7 /* ViewController.swift in Sources */,
				F3E3547C251246FF00FFBCA7 /* AppDelegate.swift in Sources */,
				F3E3547E251246FF00FFBCA7 /* SceneDelegate.swift in Sources */,
			);
			runOnlyForDeploymentPostprocessing = 0;
		};
		F3E3548A2512470200FFBCA7 /* Sources */ = {
			isa = PBXSourcesBuildPhase;
			buildActionMask = 2147483647;
			files = (
				F3E354932512470200FFBCA7 /* ShootFromTheHipTests.swift in Sources */,
			);
			runOnlyForDeploymentPostprocessing = 0;
		};
		F3E354952512470300FFBCA7 /* Sources */ = {
			isa = PBXSourcesBuildPhase;
			buildActionMask = 2147483647;
			files = (
				F3E3549E2512470300FFBCA7 /* ShootFromTheHipUITests.swift in Sources */,
			);
			runOnlyForDeploymentPostprocessing = 0;
		};
/* End PBXSourcesBuildPhase section */

/* Begin PBXTargetDependency section */
		F3E354902512470200FFBCA7 /* PBXTargetDependency */ = {
			isa = PBXTargetDependency;
			target = F3E35477251246FF00FFBCA7 /* ShootFromTheHip */;
			targetProxy = F3E3548F2512470200FFBCA7 /* PBXContainerItemProxy */;
		};
		F3E3549B2512470300FFBCA7 /* PBXTargetDependency */ = {
			isa = PBXTargetDependency;
			target = F3E35477251246FF00FFBCA7 /* ShootFromTheHip */;
			targetProxy = F3E3549A2512470300FFBCA7 /* PBXContainerItemProxy */;
		};
/* End PBXTargetDependency section */

/* Begin PBXVariantGroup section */
		F3E35481251246FF00FFBCA7 /* Main.storyboard */ = {
			isa = PBXVariantGroup;
			children = (
				F3E35482251246FF00FFBCA7 /* Base */,
			);
			name = Main.storyboard;
			sourceTree = "<group>";
		};
		F3E354862512470200FFBCA7 /* LaunchScreen.storyboard */ = {
			isa = PBXVariantGroup;
			children = (
				F3E354872512470200FFBCA7 /* Base */,
			);
			name = LaunchScreen.storyboard;
			sourceTree = "<group>";
		};
/* End PBXVariantGroup section */

/* Begin XCBuildConfiguration section */
		F3E354A02512470300FFBCA7 /* Debug */ = {
			isa = XCBuildConfiguration;
			buildSettings = {
				ALWAYS_SEARCH_USER_PATHS = NO;
				CLANG_ANALYZER_NONNULL = YES;
				CLANG_ANALYZER_NUMBER_OBJECT_CONVERSION = YES_AGGRESSIVE;
				CLANG_CXX_LANGUAGE_STANDARD = "gnu++14";
				CLANG_CXX_LIBRARY = "libc++";
				CLANG_ENABLE_MODULES = YES;
				CLANG_ENABLE_OBJC_ARC = YES;
				CLANG_ENABLE_OBJC_WEAK = YES;
				CLANG_WARN_BLOCK_CAPTURE_AUTORELEASING = YES;
				CLANG_WARN_BOOL_CONVERSION = YES;
				CLANG_WARN_COMMA = YES;
				CLANG_WARN_CONSTANT_CONVERSION = YES;
				CLANG_WARN_DEPRECATED_OBJC_IMPLEMENTATIONS = YES;
				CLANG_WARN_DIRECT_OBJC_ISA_USAGE = YES_ERROR;
				CLANG_WARN_DOCUMENTATION_COMMENTS = YES;
				CLANG_WARN_EMPTY_BODY = YES;
				CLANG_WARN_ENUM_CONVERSION = YES;
				CLANG_WARN_INFINITE_RECURSION = YES;
				CLANG_WARN_INT_CONVERSION = YES;
				CLANG_WARN_NON_LITERAL_NULL_CONVERSION = YES;
				CLANG_WARN_OBJC_IMPLICIT_RETAIN_SELF = YES;
				CLANG_WARN_OBJC_LITERAL_CONVERSION = YES;
				CLANG_WARN_OBJC_ROOT_CLASS = YES_ERROR;
				CLANG_WARN_RANGE_LOOP_ANALYSIS = YES;
				CLANG_WARN_STRICT_PROTOTYPES = YES;
				CLANG_WARN_SUSPICIOUS_MOVE = YES;
				CLANG_WARN_UNGUARDED_AVAILABILITY = YES_AGGRESSIVE;
				CLANG_WARN_UNREACHABLE_CODE = YES;
				CLANG_WARN__DUPLICATE_METHOD_MATCH = YES;
				COPY_PHASE_STRIP = NO;
				DEBUG_INFORMATION_FORMAT = dwarf;
				ENABLE_STRICT_OBJC_MSGSEND = YES;
				ENABLE_TESTABILITY = YES;
				GCC_C_LANGUAGE_STANDARD = gnu11;
				GCC_DYNAMIC_NO_PIC = NO;
				GCC_NO_COMMON_BLOCKS = YES;
				GCC_OPTIMIZATION_LEVEL = 0;
				GCC_PREPROCESSOR_DEFINITIONS = (
					"DEBUG=1",
					"$(inherited)",
				);
				GCC_WARN_64_TO_32_BIT_CONVERSION = YES;
				GCC_WARN_ABOUT_RETURN_TYPE = YES_ERROR;
				GCC_WARN_UNDECLARED_SELECTOR = YES;
				GCC_WARN_UNINITIALIZED_AUTOS = YES_AGGRESSIVE;
				GCC_WARN_UNUSED_FUNCTION = YES;
				GCC_WARN_UNUSED_VARIABLE = YES;
				IPHONEOS_DEPLOYMENT_TARGET = 13.5;
				MTL_ENABLE_DEBUG_INFO = INCLUDE_SOURCE;
				MTL_FAST_MATH = YES;
				ONLY_ACTIVE_ARCH = YES;
				SDKROOT = iphoneos;
				SWIFT_ACTIVE_COMPILATION_CONDITIONS = DEBUG;
				SWIFT_OPTIMIZATION_LEVEL = "-Onone";
			};
			name = Debug;
		};
		F3E354A12512470300FFBCA7 /* Release */ = {
			isa = XCBuildConfiguration;
			buildSettings = {
				ALWAYS_SEARCH_USER_PATHS = NO;
				CLANG_ANALYZER_NONNULL = YES;
				CLANG_ANALYZER_NUMBER_OBJECT_CONVERSION = YES_AGGRESSIVE;
				CLANG_CXX_LANGUAGE_STANDARD = "gnu++14";
				CLANG_CXX_LIBRARY = "libc++";
				CLANG_ENABLE_MODULES = YES;
				CLANG_ENABLE_OBJC_ARC = YES;
				CLANG_ENABLE_OBJC_WEAK = YES;
				CLANG_WARN_BLOCK_CAPTURE_AUTORELEASING = YES;
				CLANG_WARN_BOOL_CONVERSION = YES;
				CLANG_WARN_COMMA = YES;
				CLANG_WARN_CONSTANT_CONVERSION = YES;
				CLANG_WARN_DEPRECATED_OBJC_IMPLEMENTATIONS = YES;
				CLANG_WARN_DIRECT_OBJC_ISA_USAGE = YES_ERROR;
				CLANG_WARN_DOCUMENTATION_COMMENTS = YES;
				CLANG_WARN_EMPTY_BODY = YES;
				CLANG_WARN_ENUM_CONVERSION = YES;
				CLANG_WARN_INFINITE_RECURSION = YES;
				CLANG_WARN_INT_CONVERSION = YES;
				CLANG_WARN_NON_LITERAL_NULL_CONVERSION = YES;
				CLANG_WARN_OBJC_IMPLICIT_RETAIN_SELF = YES;
				CLANG_WARN_OBJC_LITERAL_CONVERSION = YES;
				CLANG_WARN_OBJC_ROOT_CLASS = YES_ERROR;
				CLANG_WARN_RANGE_LOOP_ANALYSIS = YES;
				CLANG_WARN_STRICT_PROTOTYPES = YES;
				CLANG_WARN_SUSPICIOUS_MOVE = YES;
				CLANG_WARN_UNGUARDED_AVAILABILITY = YES_AGGRESSIVE;
				CLANG_WARN_UNREACHABLE_CODE = YES;
				CLANG_WARN__DUPLICATE_METHOD_MATCH = YES;
				COPY_PHASE_STRIP = NO;
				DEBUG_INFORMATION_FORMAT = "dwarf-with-dsym";
				ENABLE_NS_ASSERTIONS = NO;
				ENABLE_STRICT_OBJC_MSGSEND = YES;
				GCC_C_LANGUAGE_STANDARD = gnu11;
				GCC_NO_COMMON_BLOCKS = YES;
				GCC_WARN_64_TO_32_BIT_CONVERSION = YES;
				GCC_WARN_ABOUT_RETURN_TYPE = YES_ERROR;
				GCC_WARN_UNDECLARED_SELECTOR = YES;
				GCC_WARN_UNINITIALIZED_AUTOS = YES_AGGRESSIVE;
				GCC_WARN_UNUSED_FUNCTION = YES;
				GCC_WARN_UNUSED_VARIABLE = YES;
				IPHONEOS_DEPLOYMENT_TARGET = 13.5;
				MTL_ENABLE_DEBUG_INFO = NO;
				MTL_FAST_MATH = YES;
				SDKROOT = iphoneos;
				SWIFT_COMPILATION_MODE = wholemodule;
				SWIFT_OPTIMIZATION_LEVEL = "-O";
				VALIDATE_PRODUCT = YES;
			};
			name = Release;
		};
		F3E354A32512470300FFBCA7 /* Debug */ = {
			isa = XCBuildConfiguration;
			buildSettings = {
				ASSETCATALOG_COMPILER_APPICON_NAME = AppIcon;
				CODE_SIGN_STYLE = Automatic;
				DEVELOPMENT_TEAM = 296FWKSVMB;
				INFOPLIST_FILE = ShootFromTheHip/Info.plist;
				LD_RUNPATH_SEARCH_PATHS = (
					"$(inherited)",
					"@executable_path/Frameworks",
				);
				PRODUCT_BUNDLE_IDENTIFIER = com.daniellepadilla.ShootFromTheHip;
				PRODUCT_NAME = "$(TARGET_NAME)";
				SWIFT_VERSION = 5.0;
				TARGETED_DEVICE_FAMILY = "1,2";
			};
			name = Debug;
		};
		F3E354A42512470300FFBCA7 /* Release */ = {
			isa = XCBuildConfiguration;
			buildSettings = {
				ASSETCATALOG_COMPILER_APPICON_NAME = AppIcon;
				CODE_SIGN_STYLE = Automatic;
				DEVELOPMENT_TEAM = 296FWKSVMB;
				INFOPLIST_FILE = ShootFromTheHip/Info.plist;
				LD_RUNPATH_SEARCH_PATHS = (
					"$(inherited)",
					"@executable_path/Frameworks",
				);
				PRODUCT_BUNDLE_IDENTIFIER = com.daniellepadilla.ShootFromTheHip;
				PRODUCT_NAME = "$(TARGET_NAME)";
				SWIFT_VERSION = 5.0;
				TARGETED_DEVICE_FAMILY = "1,2";
			};
			name = Release;
		};
		F3E354A62512470300FFBCA7 /* Debug */ = {
			isa = XCBuildConfiguration;
			buildSettings = {
				ALWAYS_EMBED_SWIFT_STANDARD_LIBRARIES = YES;
				BUNDLE_LOADER = "$(TEST_HOST)";
				CODE_SIGN_STYLE = Automatic;
				DEVELOPMENT_TEAM = 296FWKSVMB;
				INFOPLIST_FILE = ShootFromTheHipTests/Info.plist;
				IPHONEOS_DEPLOYMENT_TARGET = 13.5;
				LD_RUNPATH_SEARCH_PATHS = (
					"$(inherited)",
					"@executable_path/Frameworks",
					"@loader_path/Frameworks",
				);
				PRODUCT_BUNDLE_IDENTIFIER = com.daniellepadilla.ShootFromTheHipTests;
				PRODUCT_NAME = "$(TARGET_NAME)";
				SWIFT_VERSION = 5.0;
				TARGETED_DEVICE_FAMILY = "1,2";
				TEST_HOST = "$(BUILT_PRODUCTS_DIR)/ShootFromTheHip.app/ShootFromTheHip";
			};
			name = Debug;
		};
		F3E354A72512470300FFBCA7 /* Release */ = {
			isa = XCBuildConfiguration;
			buildSettings = {
				ALWAYS_EMBED_SWIFT_STANDARD_LIBRARIES = YES;
				BUNDLE_LOADER = "$(TEST_HOST)";
				CODE_SIGN_STYLE = Automatic;
				DEVELOPMENT_TEAM = 296FWKSVMB;
				INFOPLIST_FILE = ShootFromTheHipTests/Info.plist;
				IPHONEOS_DEPLOYMENT_TARGET = 13.5;
				LD_RUNPATH_SEARCH_PATHS = (
					"$(inherited)",
					"@executable_path/Frameworks",
					"@loader_path/Frameworks",
				);
				PRODUCT_BUNDLE_IDENTIFIER = com.daniellepadilla.ShootFromTheHipTests;
				PRODUCT_NAME = "$(TARGET_NAME)";
				SWIFT_VERSION = 5.0;
				TARGETED_DEVICE_FAMILY = "1,2";
				TEST_HOST = "$(BUILT_PRODUCTS_DIR)/ShootFromTheHip.app/ShootFromTheHip";
			};
			name = Release;
		};
		F3E354A92512470300FFBCA7 /* Debug */ = {
			isa = XCBuildConfiguration;
			buildSettings = {
				ALWAYS_EMBED_SWIFT_STANDARD_LIBRARIES = YES;
				CODE_SIGN_STYLE = Automatic;
				DEVELOPMENT_TEAM = 296FWKSVMB;
				INFOPLIST_FILE = ShootFromTheHipUITests/Info.plist;
				LD_RUNPATH_SEARCH_PATHS = (
					"$(inherited)",
					"@executable_path/Frameworks",
					"@loader_path/Frameworks",
				);
				PRODUCT_BUNDLE_IDENTIFIER = com.daniellepadilla.ShootFromTheHipUITests;
				PRODUCT_NAME = "$(TARGET_NAME)";
				SWIFT_VERSION = 5.0;
				TARGETED_DEVICE_FAMILY = "1,2";
				TEST_TARGET_NAME = ShootFromTheHip;
			};
			name = Debug;
		};
		F3E354AA2512470300FFBCA7 /* Release */ = {
			isa = XCBuildConfiguration;
			buildSettings = {
				ALWAYS_EMBED_SWIFT_STANDARD_LIBRARIES = YES;
				CODE_SIGN_STYLE = Automatic;
				DEVELOPMENT_TEAM = 296FWKSVMB;
				INFOPLIST_FILE = ShootFromTheHipUITests/Info.plist;
				LD_RUNPATH_SEARCH_PATHS = (
					"$(inherited)",
					"@executable_path/Frameworks",
					"@loader_path/Frameworks",
				);
				PRODUCT_BUNDLE_IDENTIFIER = com.daniellepadilla.ShootFromTheHipUITests;
				PRODUCT_NAME = "$(TARGET_NAME)";
				SWIFT_VERSION = 5.0;
				TARGETED_DEVICE_FAMILY = "1,2";
				TEST_TARGET_NAME = ShootFromTheHip;
			};
			name = Release;
		};
/* End XCBuildConfiguration section */

/* Begin XCConfigurationList section */
		F3E35473251246FF00FFBCA7 /* Build configuration list for PBXProject "ShootFromTheHip" */ = {
			isa = XCConfigurationList;
			buildConfigurations = (
				F3E354A02512470300FFBCA7 /* Debug */,
				F3E354A12512470300FFBCA7 /* Release */,
			);
			defaultConfigurationIsVisible = 0;
			defaultConfigurationName = Release;
		};
		F3E354A22512470300FFBCA7 /* Build configuration list for PBXNativeTarget "ShootFromTheHip" */ = {
			isa = XCConfigurationList;
			buildConfigurations = (
				F3E354A32512470300FFBCA7 /* Debug */,
				F3E354A42512470300FFBCA7 /* Release */,
			);
			defaultConfigurationIsVisible = 0;
			defaultConfigurationName = Release;
		};
		F3E354A52512470300FFBCA7 /* Build configuration list for PBXNativeTarget "ShootFromTheHipTests" */ = {
			isa = XCConfigurationList;
			buildConfigurations = (
				F3E354A62512470300FFBCA7 /* Debug */,
				F3E354A72512470300FFBCA7 /* Release */,
			);
			defaultConfigurationIsVisible = 0;
			defaultConfigurationName = Release;
		};
		F3E354A82512470300FFBCA7 /* Build configuration list for PBXNativeTarget "ShootFromTheHipUITests" */ = {
			isa = XCConfigurationList;
			buildConfigurations = (
				F3E354A92512470300FFBCA7 /* Debug */,
				F3E354AA2512470300FFBCA7 /* Release */,
			);
			defaultConfigurationIsVisible = 0;
			defaultConfigurationName = Release;
		};
/* End XCConfigurationList section */
	};
	rootObject = F3E35470251246FF00FFBCA7 /* Project object */;
}
